// !$*UTF8*$!
{
	archiveVersion = 1;
	classes = {
	};
	objectVersion = 46;
	objects = {

/* Begin PBXBuildFile section */
		8BF09D321A6A0AE700824AE4 /* AppDelegate.swift in Sources */ = {isa = PBXBuildFile; fileRef = 8BF09D311A6A0AE700824AE4 /* AppDelegate.swift */; };
		8BF09D341A6A0AE700824AE4 /* ViewController.swift in Sources */ = {isa = PBXBuildFile; fileRef = 8BF09D331A6A0AE700824AE4 /* ViewController.swift */; };
		8BF09D371A6A0AE700824AE4 /* Main.storyboard in Resources */ = {isa = PBXBuildFile; fileRef = 8BF09D351A6A0AE700824AE4 /* Main.storyboard */; };
		8BF09D391A6A0AE700824AE4 /* Images.xcassets in Resources */ = {isa = PBXBuildFile; fileRef = 8BF09D381A6A0AE700824AE4 /* Images.xcassets */; };
		8BF09D3C1A6A0AE700824AE4 /* LaunchScreen.xib in Resources */ = {isa = PBXBuildFile; fileRef = 8BF09D3A1A6A0AE700824AE4 /* LaunchScreen.xib */; };
		8BF09D481A6A0AE700824AE4 /* WarTests.swift in Sources */ = {isa = PBXBuildFile; fileRef = 8BF09D471A6A0AE700824AE4 /* WarTests.swift */; };
/* End PBXBuildFile section */

/* Begin PBXContainerItemProxy section */
		8BF09D421A6A0AE700824AE4 /* PBXContainerItemProxy */ = {
			isa = PBXContainerItemProxy;
			containerPortal = 8BF09D241A6A0AE700824AE4 /* Project object */;
			proxyType = 1;
			remoteGlobalIDString = 8BF09D2B1A6A0AE700824AE4;
			remoteInfo = War;
		};
/* End PBXContainerItemProxy section */

/* Begin PBXFileReference section */
		8BF09D2C1A6A0AE700824AE4 /* War.app */ = {isa = PBXFileReference; explicitFileType = wrapper.application; includeInIndex = 0; path = War.app; sourceTree = BUILT_PRODUCTS_DIR; };
		8BF09D301A6A0AE700824AE4 /* Info.plist */ = {isa = PBXFileReference; lastKnownFileType = text.plist.xml; path = Info.plist; sourceTree = "<group>"; };
		8BF09D311A6A0AE700824AE4 /* AppDelegate.swift */ = {isa = PBXFileReference; lastKnownFileType = sourcecode.swift; path = AppDelegate.swift; sourceTree = "<group>"; };
		8BF09D331A6A0AE700824AE4 /* ViewController.swift */ = {isa = PBXFileReference; lastKnownFileType = sourcecode.swift; path = ViewController.swift; sourceTree = "<group>"; };
		8BF09D361A6A0AE700824AE4 /* Base */ = {isa = PBXFileReference; lastKnownFileType = file.storyboard; name = Base; path = Base.lproj/Main.storyboard; sourceTree = "<group>"; };
		8BF09D381A6A0AE700824AE4 /* Images.xcassets */ = {isa = PBXFileReference; lastKnownFileType = folder.assetcatalog; path = Images.xcassets; sourceTree = "<group>"; };
		8BF09D3B1A6A0AE700824AE4 /* Base */ = {isa = PBXFileReference; lastKnownFileType = file.xib; name = Base; path = Base.lproj/LaunchScreen.xib; sourceTree = "<group>"; };
		8BF09D411A6A0AE700824AE4 /* WarTests.xctest */ = {isa = PBXFileReference; explicitFileType = wrapper.cfbundle; includeInIndex = 0; path = WarTests.xctest; sourceTree = BUILT_PRODUCTS_DIR; };
		8BF09D461A6A0AE700824AE4 /* Info.plist */ = {isa = PBXFileReference; lastKnownFileType = text.plist.xml; path = Info.plist; sourceTree = "<group>"; };
		8BF09D471A6A0AE700824AE4 /* WarTests.swift */ = {isa = PBXFileReference; lastKnownFileType = sourcecode.swift; path = WarTests.swift; sourceTree = "<group>"; };
/* End PBXFileReference section */

/* Begin PBXFrameworksBuildPhase section */
		8BF09D291A6A0AE700824AE4 /* Frameworks */ = {
			isa = PBXFrameworksBuildPhase;
			buildActionMask = 2147483647;
			files = (
			);
			runOnlyForDeploymentPostprocessing = 0;
		};
		8BF09D3E1A6A0AE700824AE4 /* Frameworks */ = {
			isa = PBXFrameworksBuildPhase;
			buildActionMask = 2147483647;
			files = (
			);
			runOnlyForDeploymentPostprocessing = 0;
		};
/* End PBXFrameworksBuildPhase section */

/* Begin PBXGroup section */
		8BF09D231A6A0AE700824AE4 = {
			isa = PBXGroup;
			children = (
				8BF09D2E1A6A0AE700824AE4 /* War */,
				8BF09D441A6A0AE700824AE4 /* WarTests */,
				8BF09D2D1A6A0AE700824AE4 /* Products */,
			);
			sourceTree = "<group>";
		};
		8BF09D2D1A6A0AE700824AE4 /* Products */ = {
			isa = PBXGroup;
			children = (
				8BF09D2C1A6A0AE700824AE4 /* War.app */,
				8BF09D411A6A0AE700824AE4 /* WarTests.xctest */,
			);
			name = Products;
			sourceTree = "<group>";
		};
		8BF09D2E1A6A0AE700824AE4 /* War */ = {
			isa = PBXGroup;
			children = (
				8BF09D311A6A0AE700824AE4 /* AppDelegate.swift */,
				8BF09D331A6A0AE700824AE4 /* ViewController.swift */,
				8BF09D351A6A0AE700824AE4 /* Main.storyboard */,
				8BF09D381A6A0AE700824AE4 /* Images.xcassets */,
				8BF09D3A1A6A0AE700824AE4 /* LaunchScreen.xib */,
				8BF09D2F1A6A0AE700824AE4 /* Supporting Files */,
			);
			path = War;
			sourceTree = "<group>";
		};
		8BF09D2F1A6A0AE700824AE4 /* Supporting Files */ = {
			isa = PBXGroup;
			children = (
				8BF09D301A6A0AE700824AE4 /* Info.plist */,
			);
			name = "Supporting Files";
			sourceTree = "<group>";
		};
		8BF09D441A6A0AE700824AE4 /* WarTests */ = {
			isa = PBXGroup;
			children = (
				8BF09D471A6A0AE700824AE4 /* WarTests.swift */,
				8BF09D451A6A0AE700824AE4 /* Supporting Files */,
			);
			path = WarTests;
			sourceTree = "<group>";
		};
		8BF09D451A6A0AE700824AE4 /* Supporting Files */ = {
			isa = PBXGroup;
			children = (
				8BF09D461A6A0AE700824AE4 /* Info.plist */,
			);
			name = "Supporting Files";
			sourceTree = "<group>";
		};
/* End PBXGroup section */

/* Begin PBXNativeTarget section */
		8BF09D2B1A6A0AE700824AE4 /* War */ = {
			isa = PBXNativeTarget;
			buildConfigurationList = 8BF09D4B1A6A0AE700824AE4 /* Build configuration list for PBXNativeTarget "War" */;
			buildPhases = (
				8BF09D281A6A0AE700824AE4 /* Sources */,
				8BF09D291A6A0AE700824AE4 /* Frameworks */,
				8BF09D2A1A6A0AE700824AE4 /* Resources */,
			);
			buildRules = (
			);
			dependencies = (
			);
			name = War;
			productName = War;
			productReference = 8BF09D2C1A6A0AE700824AE4 /* War.app */;
			productType = "com.apple.product-type.application";
		};
		8BF09D401A6A0AE700824AE4 /* WarTests */ = {
			isa = PBXNativeTarget;
			buildConfigurationList = 8BF09D4E1A6A0AE700824AE4 /* Build configuration list for PBXNativeTarget "WarTests" */;
			buildPhases = (
				8BF09D3D1A6A0AE700824AE4 /* Sources */,
				8BF09D3E1A6A0AE700824AE4 /* Frameworks */,
				8BF09D3F1A6A0AE700824AE4 /* Resources */,
			);
			buildRules = (
			);
			dependencies = (
				8BF09D431A6A0AE700824AE4 /* PBXTargetDependency */,
			);
			name = WarTests;
			productName = WarTests;
			productReference = 8BF09D411A6A0AE700824AE4 /* WarTests.xctest */;
			productType = "com.apple.product-type.bundle.unit-test";
		};
/* End PBXNativeTarget section */

/* Begin PBXProject section */
		8BF09D241A6A0AE700824AE4 /* Project object */ = {
			isa = PBXProject;
			attributes = {
				LastUpgradeCheck = 0610;
				ORGANIZATIONNAME = "Varun Rana";
				TargetAttributes = {
					8BF09D2B1A6A0AE700824AE4 = {
						CreatedOnToolsVersion = 6.1.1;
					};
					8BF09D401A6A0AE700824AE4 = {
						CreatedOnToolsVersion = 6.1.1;
						TestTargetID = 8BF09D2B1A6A0AE700824AE4;
					};
				};
			};
			buildConfigurationList = 8BF09D271A6A0AE700824AE4 /* Build configuration list for PBXProject "War" */;
			compatibilityVersion = "Xcode 3.2";
			developmentRegion = English;
			hasScannedForEncodings = 0;
			knownRegions = (
				en,
				Base,
			);
			mainGroup = 8BF09D231A6A0AE700824AE4;
			productRefGroup = 8BF09D2D1A6A0AE700824AE4 /* Products */;
			projectDirPath = "";
			projectRoot = "";
			targets = (
				8BF09D2B1A6A0AE700824AE4 /* War */,
				8BF09D401A6A0AE700824AE4 /* WarTests */,
			);
		};
/* End PBXProject section */

/* Begin PBXResourcesBuildPhase section */
		8BF09D2A1A6A0AE700824AE4 /* Resources */ = {
			isa = PBXResourcesBuildPhase;
			buildActionMask = 2147483647;
			files = (
				8BF09D371A6A0AE700824AE4 /* Main.storyboard in Resources */,
				8BF09D3C1A6A0AE700824AE4 /* LaunchScreen.xib in Resources */,
				8BF09D391A6A0AE700824AE4 /* Images.xcassets in Resources */,
			);
			runOnlyForDeploymentPostprocessing = 0;
		};
		8BF09D3F1A6A0AE700824AE4 /* Resources */ = {
			isa = PBXResourcesBuildPhase;
			buildActionMask = 2147483647;
			files = (
			);
			runOnlyForDeploymentPostprocessing = 0;
		};
/* End PBXResourcesBuildPhase section */

/* Begin PBXSourcesBuildPhase section */
		8BF09D281A6A0AE700824AE4 /* Sources */ = {
			isa = PBXSourcesBuildPhase;
			buildActionMask = 2147483647;
			files = (
				8BF09D341A6A0AE700824AE4 /* ViewController.swift in Sources */,
				8BF09D321A6A0AE700824AE4 /* AppDelegate.swift in Sources */,
			);
			runOnlyForDeploymentPostprocessing = 0;
		};
		8BF09D3D1A6A0AE700824AE4 /* Sources */ = {
			isa = PBXSourcesBuildPhase;
			buildActionMask = 2147483647;
			files = (
				8BF09D481A6A0AE700824AE4 /* WarTests.swift in Sources */,
			);
			runOnlyForDeploymentPostprocessing = 0;
		};
/* End PBXSourcesBuildPhase section */

/* Begin PBXTargetDependency section */
		8BF09D431A6A0AE700824AE4 /* PBXTargetDependency */ = {
			isa = PBXTargetDependency;
			target = 8BF09D2B1A6A0AE700824AE4 /* War */;
			targetProxy = 8BF09D421A6A0AE700824AE4 /* PBXContainerItemProxy */;
		};
/* End PBXTargetDependency section */

/* Begin PBXVariantGroup section */
		8BF09D351A6A0AE700824AE4 /* Main.storyboard */ = {
			isa = PBXVariantGroup;
			children = (
				8BF09D361A6A0AE700824AE4 /* Base */,
			);
			name = Main.storyboard;
			sourceTree = "<group>";
		};
		8BF09D3A1A6A0AE700824AE4 /* LaunchScreen.xib */ = {
			isa = PBXVariantGroup;
			children = (
				8BF09D3B1A6A0AE700824AE4 /* Base */,
			);
			name = LaunchScreen.xib;
			sourceTree = "<group>";
		};
/* End PBXVariantGroup section */

/* Begin XCBuildConfiguration section */
		8BF09D491A6A0AE700824AE4 /* Debug */ = {
			isa = XCBuildConfiguration;
			buildSettings = {
				ALWAYS_SEARCH_USER_PATHS = NO;
				CLANG_CXX_LANGUAGE_STANDARD = "gnu++0x";
				CLANG_CXX_LIBRARY = "libc++";
				CLANG_ENABLE_MODULES = YES;
				CLANG_ENABLE_OBJC_ARC = YES;
				CLANG_WARN_BOOL_CONVERSION = YES;
				CLANG_WARN_CONSTANT_CONVERSION = YES;
				CLANG_WARN_DIRECT_OBJC_ISA_USAGE = YES_ERROR;
				CLANG_WARN_EMPTY_BODY = YES;
				CLANG_WARN_ENUM_CONVERSION = YES;
				CLANG_WARN_INT_CONVERSION = YES;
				CLANG_WARN_OBJC_ROOT_CLASS = YES_ERROR;
				CLANG_WARN_UNREACHABLE_CODE = YES;
				CLANG_WARN__DUPLICATE_METHOD_MATCH = YES;
				"CODE_SIGN_IDENTITY[sdk=iphoneos*]" = "iPhone Developer";
				COPY_PHASE_STRIP = NO;
				ENABLE_STRICT_OBJC_MSGSEND = YES;
				GCC_C_LANGUAGE_STANDARD = gnu99;
				GCC_DYNAMIC_NO_PIC = NO;
				GCC_OPTIMIZATION_LEVEL = 0;
				GCC_PREPROCESSOR_DEFINITIONS = (
					"DEBUG=1",
					"$(inherited)",
				);
				GCC_SYMBOLS_PRIVATE_EXTERN = NO;
				GCC_WARN_64_TO_32_BIT_CONVERSION = YES;
				GCC_WARN_ABOUT_RETURN_TYPE = YES_ERROR;
				GCC_WARN_UNDECLARED_SELECTOR = YES;
				GCC_WARN_UNINITIALIZED_AUTOS = YES_AGGRESSIVE;
				GCC_WARN_UNUSED_FUNCTION = YES;
				GCC_WARN_UNUSED_VARIABLE = YES;
				IPHONEOS_DEPLOYMENT_TARGET = 8.1;
				MTL_ENABLE_DEBUG_INFO = YES;
				ONLY_ACTIVE_ARCH = YES;
				SDKROOT = iphoneos;
				SWIFT_OPTIMIZATION_LEVEL = "-Onone";
			};
			name = Debug;
		};
		8BF09D4A1A6A0AE700824AE4 /* Release */ = {
			isa = XCBuildConfiguration;
			buildSettings = {
				ALWAYS_SEARCH_USER_PATHS = NO;
				CLANG_CXX_LANGUAGE_STANDARD = "gnu++0x";
				CLANG_CXX_LIBRARY = "libc++";
				CLANG_ENABLE_MODULES = YES;
				CLANG_ENABLE_OBJC_ARC = YES;
				CLANG_WARN_BOOL_CONVERSION = YES;
				CLANG_WARN_CONSTANT_CONVERSION = YES;
				CLANG_WARN_DIRECT_OBJC_ISA_USAGE = YES_ERROR;
				CLANG_WARN_EMPTY_BODY = YES;
				CLANG_WARN_ENUM_CONVERSION = YES;
				CLANG_WARN_INT_CONVERSION = YES;
				CLANG_WARN_OBJC_ROOT_CLASS = YES_ERROR;
				CLANG_WARN_UNREACHABLE_CODE = YES;
				CLANG_WARN__DUPLICATE_METHOD_MATCH = YES;
				"CODE_SIGN_IDENTITY[sdk=iphoneos*]" = "iPhone Developer";
				COPY_PHASE_STRIP = YES;
				ENABLE_NS_ASSERTIONS = NO;
				ENABLE_STRICT_OBJC_MSGSEND = YES;
				GCC_C_LANGUAGE_STANDARD = gnu99;
				GCC_WARN_64_TO_32_BIT_CONVERSION = YES;
				GCC_WARN_ABOUT_RETURN_TYPE = YES_ERROR;
				GCC_WARN_UNDECLARED_SELECTOR = YES;
				GCC_WARN_UNINITIALIZED_AUTOS = YES_AGGRESSIVE;
				GCC_WARN_UNUSED_FUNCTION = YES;
				GCC_WARN_UNUSED_VARIABLE = YES;
				IPHONEOS_DEPLOYMENT_TARGET = 8.1;
				MTL_ENABLE_DEBUG_INFO = NO;
				SDKROOT = iphoneos;
				VALIDATE_PRODUCT = YES;
			};
			name = Release;
		};
		8BF09D4C1A6A0AE700824AE4 /* Debug */ = {
			isa = XCBuildConfiguration;
			buildSettings = {
				ASSETCATALOG_COMPILER_APPICON_NAME = AppIcon;
				INFOPLIST_FILE = War/Info.plist;
				LD_RUNPATH_SEARCH_PATHS = "$(inherited) @executable_path/Frameworks";
				PRODUCT_NAME = "$(TARGET_NAME)";
			};
			name = Debug;
		};
		8BF09D4D1A6A0AE700824AE4 /* Release */ = {
			isa = XCBuildConfiguration;
			buildSettings = {
				ASSETCATALOG_COMPILER_APPICON_NAME = AppIcon;
				INFOPLIST_FILE = War/Info.plist;
				LD_RUNPATH_SEARCH_PATHS = "$(inherited) @executable_path/Frameworks";
				PRODUCT_NAME = "$(TARGET_NAME)";
			};
			name = Release;
		};
		8BF09D4F1A6A0AE700824AE4 /* Debug */ = {
			isa = XCBuildConfiguration;
			buildSettings = {
				BUNDLE_LOADER = "$(TEST_HOST)";
				FRAMEWORK_SEARCH_PATHS = (
					"$(SDKROOT)/Developer/Library/Frameworks",
					"$(inherited)",
				);
				GCC_PREPROCESSOR_DEFINITIONS = (
					"DEBUG=1",
					"$(inherited)",
				);
				INFOPLIST_FILE = WarTests/Info.plist;
				LD_RUNPATH_SEARCH_PATHS = "$(inherited) @executable_path/Frameworks @loader_path/Frameworks";
				PRODUCT_NAME = "$(TARGET_NAME)";
				TEST_HOST = "$(BUILT_PRODUCTS_DIR)/War.app/War";
			};
			name = Debug;
		};
		8BF09D501A6A0AE700824AE4 /* Release */ = {
			isa = XCBuildConfiguration;
			buildSettings = {
				BUNDLE_LOADER = "$(TEST_HOST)";
				FRAMEWORK_SEARCH_PATHS = (
					"$(SDKROOT)/Developer/Library/Frameworks",
					"$(inherited)",
				);
				INFOPLIST_FILE = WarTests/Info.plist;
				LD_RUNPATH_SEARCH_PATHS = "$(inherited) @executable_path/Frameworks @loader_path/Frameworks";
				PRODUCT_NAME = "$(TARGET_NAME)";
				TEST_HOST = "$(BUILT_PRODUCTS_DIR)/War.app/War";
			};
			name = Release;
		};
/* End XCBuildConfiguration section */

/* Begin XCConfigurationList section */
		8BF09D271A6A0AE700824AE4 /* Build configuration list for PBXProject "War" */ = {
			isa = XCConfigurationList;
			buildConfigurations = (
				8BF09D491A6A0AE700824AE4 /* Debug */,
				8BF09D4A1A6A0AE700824AE4 /* Release */,
			);
			defaultConfigurationIsVisible = 0;
			defaultConfigurationName = Release;
		};
		8BF09D4B1A6A0AE700824AE4 /* Build configuration list for PBXNativeTarget "War" */ = {
			isa = XCConfigurationList;
			buildConfigurations = (
				8BF09D4C1A6A0AE700824AE4 /* Debug */,
				8BF09D4D1A6A0AE700824AE4 /* Release */,
			);
			defaultConfigurationIsVisible = 0;
		};
		8BF09D4E1A6A0AE700824AE4 /* Build configuration list for PBXNativeTarget "WarTests" */ = {
			isa = XCConfigurationList;
			buildConfigurations = (
				8BF09D4F1A6A0AE700824AE4 /* Debug */,
				8BF09D501A6A0AE700824AE4 /* Release */,
			);
			defaultConfigurationIsVisible = 0;
		};
/* End XCConfigurationList section */
	};
	rootObject = 8BF09D241A6A0AE700824AE4 /* Project object */;
}
